// !$*UTF8*$!
{
	archiveVersion = 1;
	classes = {
	};
	objectVersion = 50;
	objects = {

/* Begin PBXBuildFile section */
		F2037E4526BCCAC2000B1D57 /* ProgressSettingView.swift in Sources */ = {isa = PBXBuildFile; fileRef = F2037E4426BCCAC2000B1D57 /* ProgressSettingView.swift */; };
		F21A9ADF26BBB77C00177F9F /* CircleProgressView.swift in Sources */ = {isa = PBXBuildFile; fileRef = F21A9ADE26BBB77C00177F9F /* CircleProgressView.swift */; };
		F24AB60A26B90D0A0063F892 /* SideMenuOption.swift in Sources */ = {isa = PBXBuildFile; fileRef = F24AB60926B90D0A0063F892 /* SideMenuOption.swift */; };
		F24AB60C26B9153B0063F892 /* MenuOption.swift in Sources */ = {isa = PBXBuildFile; fileRef = F24AB60B26B9153B0063F892 /* MenuOption.swift */; };
		F24ED1CB26CA30A0007F4BEC /* PagesView.swift in Sources */ = {isa = PBXBuildFile; fileRef = F24ED1CA26CA30A0007F4BEC /* PagesView.swift */; };
		F250C44B26BA6980009FF5F9 /* ViewExtension.swift in Sources */ = {isa = PBXBuildFile; fileRef = F250C44A26BA6980009FF5F9 /* ViewExtension.swift */; };
		F2571A4726C0CD9500843C77 /* AaaaaaView.swift in Sources */ = {isa = PBXBuildFile; fileRef = F2571A4626C0CD9500843C77 /* AaaaaaView.swift */; };
		F2571A4926C0F59E00843C77 /* AboutView.swift in Sources */ = {isa = PBXBuildFile; fileRef = F2571A4826C0F59E00843C77 /* AboutView.swift */; };
		F2571A4D26C1048D00843C77 /* AboutDevice.swift in Sources */ = {isa = PBXBuildFile; fileRef = F2571A4C26C1048D00843C77 /* AboutDevice.swift */; };
		F25B9B1626C9ECF300948E78 /* PageView.swift in Sources */ = {isa = PBXBuildFile; fileRef = F25B9B1526C9ECF300948E78 /* PageView.swift */; };
		F25B9B1A26CA0AE500948E78 /* Ordinal.swift in Sources */ = {isa = PBXBuildFile; fileRef = F25B9B1926CA0AE500948E78 /* Ordinal.swift */; };
		F25E97E826C4A82D006BB888 /* LazyView.swift in Sources */ = {isa = PBXBuildFile; fileRef = F25E97E726C4A82D006BB888 /* LazyView.swift */; };
		F2751E9226B77EB100FB5BE8 /* IntExtenion.swift in Sources */ = {isa = PBXBuildFile; fileRef = F2751E9126B77EB100FB5BE8 /* IntExtenion.swift */; };
		F288386126B390DD001EAEE3 /* SideMenuDemoApp.swift in Sources */ = {isa = PBXBuildFile; fileRef = F288386026B390DD001EAEE3 /* SideMenuDemoApp.swift */; };
		F288386326B390DD001EAEE3 /* ContentView.swift in Sources */ = {isa = PBXBuildFile; fileRef = F288386226B390DD001EAEE3 /* ContentView.swift */; };
		F288386526B390DE001EAEE3 /* Assets.xcassets in Resources */ = {isa = PBXBuildFile; fileRef = F288386426B390DE001EAEE3 /* Assets.xcassets */; };
		F288386826B390DE001EAEE3 /* Preview Assets.xcassets in Resources */ = {isa = PBXBuildFile; fileRef = F288386726B390DE001EAEE3 /* Preview Assets.xcassets */; };
		F288387226B3914D001EAEE3 /* SideMenuView.swift in Sources */ = {isa = PBXBuildFile; fileRef = F288387126B3914D001EAEE3 /* SideMenuView.swift */; };
		F288387526B39E55001EAEE3 /* SideMenuHeaderView.swift in Sources */ = {isa = PBXBuildFile; fileRef = F288387426B39E55001EAEE3 /* SideMenuHeaderView.swift */; };
		F28EC97626C39C64004FFF0F /* IdentifiableExtension.swift in Sources */ = {isa = PBXBuildFile; fileRef = F28EC97526C39C64004FFF0F /* IdentifiableExtension.swift */; };
		F28EC97D26C3C73C004FFF0F /* DTReachability+Combine.swift in Sources */ = {isa = PBXBuildFile; fileRef = F28EC97B26C3C73C004FFF0F /* DTReachability+Combine.swift */; };
		F28EC97E26C3C73C004FFF0F /* DTReachability.swift in Sources */ = {isa = PBXBuildFile; fileRef = F28EC97C26C3C73C004FFF0F /* DTReachability.swift */; };
		F2C0B67326C113D800E5D606 /* DeviceName.strings in Resources */ = {isa = PBXBuildFile; fileRef = F2C0B67226C113D800E5D606 /* DeviceName.strings */; };
		F2C0B67526C113F700E5D606 /* UIDeviceExtension.swift in Sources */ = {isa = PBXBuildFile; fileRef = F2C0B67426C113F700E5D606 /* UIDeviceExtension.swift */; };
		F2C0B67726C1163100E5D606 /* DTCarrierInfo.swift in Sources */ = {isa = PBXBuildFile; fileRef = F2C0B67626C1163100E5D606 /* DTCarrierInfo.swift */; };
		F2C0B67926C1218000E5D606 /* AboutCell.swift in Sources */ = {isa = PBXBuildFile; fileRef = F2C0B67826C1218000E5D606 /* AboutCell.swift */; };
		F2C0B67C26C123FC00E5D606 /* Line.swift in Sources */ = {isa = PBXBuildFile; fileRef = F2C0B67B26C123FC00E5D606 /* Line.swift */; };
		F2E113B426B3AB9C009DAA38 /* SideMenuOptionView.swift in Sources */ = {isa = PBXBuildFile; fileRef = F2E113B326B3AB9C009DAA38 /* SideMenuOptionView.swift */; };
		F2E113B826B3AE2E009DAA38 /* Color.swift in Sources */ = {isa = PBXBuildFile; fileRef = F2E113B726B3AE2E009DAA38 /* Color.swift */; };
		F2ED992E26BA7D6B00B0100A /* SettingView.swift in Sources */ = {isa = PBXBuildFile; fileRef = F2ED992D26BA7D6B00B0100A /* SettingView.swift */; };
		F2ED993526BA85CB00B0100A /* SideMenuModifier.swift in Sources */ = {isa = PBXBuildFile; fileRef = F2ED993426BA85CB00B0100A /* SideMenuModifier.swift */; };
		F2FCC1D226B3CD890010E655 /* HomeView.swift in Sources */ = {isa = PBXBuildFile; fileRef = F2FCC1D126B3CD890010E655 /* HomeView.swift */; };
/* End PBXBuildFile section */

/* Begin PBXFileReference section */
		F2037E4426BCCAC2000B1D57 /* ProgressSettingView.swift */ = {isa = PBXFileReference; lastKnownFileType = sourcecode.swift; path = ProgressSettingView.swift; sourceTree = "<group>"; };
		F21A9ADE26BBB77C00177F9F /* CircleProgressView.swift */ = {isa = PBXFileReference; lastKnownFileType = sourcecode.swift; path = CircleProgressView.swift; sourceTree = "<group>"; };
		F24AB60926B90D0A0063F892 /* SideMenuOption.swift */ = {isa = PBXFileReference; lastKnownFileType = sourcecode.swift; path = SideMenuOption.swift; sourceTree = "<group>"; };
		F24AB60B26B9153B0063F892 /* MenuOption.swift */ = {isa = PBXFileReference; lastKnownFileType = sourcecode.swift; path = MenuOption.swift; sourceTree = "<group>"; };
		F24ED1CA26CA30A0007F4BEC /* PagesView.swift */ = {isa = PBXFileReference; lastKnownFileType = sourcecode.swift; path = PagesView.swift; sourceTree = "<group>"; };
		F250C44A26BA6980009FF5F9 /* ViewExtension.swift */ = {isa = PBXFileReference; lastKnownFileType = sourcecode.swift; path = ViewExtension.swift; sourceTree = "<group>"; };
		F2571A4626C0CD9500843C77 /* AaaaaaView.swift */ = {isa = PBXFileReference; lastKnownFileType = sourcecode.swift; path = AaaaaaView.swift; sourceTree = "<group>"; };
		F2571A4826C0F59E00843C77 /* AboutView.swift */ = {isa = PBXFileReference; lastKnownFileType = sourcecode.swift; path = AboutView.swift; sourceTree = "<group>"; };
		F2571A4C26C1048D00843C77 /* AboutDevice.swift */ = {isa = PBXFileReference; lastKnownFileType = sourcecode.swift; path = AboutDevice.swift; sourceTree = "<group>"; };
		F25B9B1526C9ECF300948E78 /* PageView.swift */ = {isa = PBXFileReference; lastKnownFileType = sourcecode.swift; path = PageView.swift; sourceTree = "<group>"; };
		F25B9B1926CA0AE500948E78 /* Ordinal.swift */ = {isa = PBXFileReference; fileEncoding = 4; lastKnownFileType = sourcecode.swift; path = Ordinal.swift; sourceTree = "<group>"; };
		F25E97E726C4A82D006BB888 /* LazyView.swift */ = {isa = PBXFileReference; lastKnownFileType = sourcecode.swift; path = LazyView.swift; sourceTree = "<group>"; };
		F2751E9126B77EB100FB5BE8 /* IntExtenion.swift */ = {isa = PBXFileReference; lastKnownFileType = sourcecode.swift; path = IntExtenion.swift; sourceTree = "<group>"; };
		F288385D26B390DD001EAEE3 /* SideMenuDemo.app */ = {isa = PBXFileReference; explicitFileType = wrapper.application; includeInIndex = 0; path = SideMenuDemo.app; sourceTree = BUILT_PRODUCTS_DIR; };
		F288386026B390DD001EAEE3 /* SideMenuDemoApp.swift */ = {isa = PBXFileReference; lastKnownFileType = sourcecode.swift; path = SideMenuDemoApp.swift; sourceTree = "<group>"; };
		F288386226B390DD001EAEE3 /* ContentView.swift */ = {isa = PBXFileReference; lastKnownFileType = sourcecode.swift; path = ContentView.swift; sourceTree = "<group>"; };
		F288386426B390DE001EAEE3 /* Assets.xcassets */ = {isa = PBXFileReference; lastKnownFileType = folder.assetcatalog; path = Assets.xcassets; sourceTree = "<group>"; };
		F288386726B390DE001EAEE3 /* Preview Assets.xcassets */ = {isa = PBXFileReference; lastKnownFileType = folder.assetcatalog; path = "Preview Assets.xcassets"; sourceTree = "<group>"; };
		F288386926B390DE001EAEE3 /* Info.plist */ = {isa = PBXFileReference; lastKnownFileType = text.plist.xml; path = Info.plist; sourceTree = "<group>"; };
		F288387126B3914D001EAEE3 /* SideMenuView.swift */ = {isa = PBXFileReference; lastKnownFileType = sourcecode.swift; path = SideMenuView.swift; sourceTree = "<group>"; };
		F288387426B39E55001EAEE3 /* SideMenuHeaderView.swift */ = {isa = PBXFileReference; lastKnownFileType = sourcecode.swift; path = SideMenuHeaderView.swift; sourceTree = "<group>"; };
		F28EC97526C39C64004FFF0F /* IdentifiableExtension.swift */ = {isa = PBXFileReference; lastKnownFileType = sourcecode.swift; path = IdentifiableExtension.swift; sourceTree = "<group>"; };
		F28EC97B26C3C73C004FFF0F /* DTReachability+Combine.swift */ = {isa = PBXFileReference; fileEncoding = 4; lastKnownFileType = sourcecode.swift; path = "DTReachability+Combine.swift"; sourceTree = "<group>"; };
		F28EC97C26C3C73C004FFF0F /* DTReachability.swift */ = {isa = PBXFileReference; fileEncoding = 4; lastKnownFileType = sourcecode.swift; path = DTReachability.swift; sourceTree = "<group>"; };
		F2C0B67226C113D800E5D606 /* DeviceName.strings */ = {isa = PBXFileReference; fileEncoding = 4; lastKnownFileType = text.plist.strings; path = DeviceName.strings; sourceTree = "<group>"; };
		F2C0B67426C113F700E5D606 /* UIDeviceExtension.swift */ = {isa = PBXFileReference; lastKnownFileType = sourcecode.swift; path = UIDeviceExtension.swift; sourceTree = "<group>"; };
		F2C0B67626C1163100E5D606 /* DTCarrierInfo.swift */ = {isa = PBXFileReference; fileEncoding = 4; lastKnownFileType = sourcecode.swift; path = DTCarrierInfo.swift; sourceTree = "<group>"; };
		F2C0B67826C1218000E5D606 /* AboutCell.swift */ = {isa = PBXFileReference; lastKnownFileType = sourcecode.swift; path = AboutCell.swift; sourceTree = "<group>"; };
		F2C0B67B26C123FC00E5D606 /* Line.swift */ = {isa = PBXFileReference; lastKnownFileType = sourcecode.swift; path = Line.swift; sourceTree = "<group>"; };
		F2E113B326B3AB9C009DAA38 /* SideMenuOptionView.swift */ = {isa = PBXFileReference; lastKnownFileType = sourcecode.swift; path = SideMenuOptionView.swift; sourceTree = "<group>"; };
		F2E113B726B3AE2E009DAA38 /* Color.swift */ = {isa = PBXFileReference; lastKnownFileType = sourcecode.swift; path = Color.swift; sourceTree = "<group>"; };
		F2ED992D26BA7D6B00B0100A /* SettingView.swift */ = {isa = PBXFileReference; lastKnownFileType = sourcecode.swift; path = SettingView.swift; sourceTree = "<group>"; };
		F2ED993426BA85CB00B0100A /* SideMenuModifier.swift */ = {isa = PBXFileReference; lastKnownFileType = sourcecode.swift; path = SideMenuModifier.swift; sourceTree = "<group>"; };
		F2FCC1D126B3CD890010E655 /* HomeView.swift */ = {isa = PBXFileReference; lastKnownFileType = sourcecode.swift; path = HomeView.swift; sourceTree = "<group>"; };
/* End PBXFileReference section */

/* Begin PBXFrameworksBuildPhase section */
		F288385A26B390DD001EAEE3 /* Frameworks */ = {
			isa = PBXFrameworksBuildPhase;
			buildActionMask = 2147483647;
			files = (
			);
			runOnlyForDeploymentPostprocessing = 0;
		};
/* End PBXFrameworksBuildPhase section */

/* Begin PBXGroup section */
		F2037E4326BCCA1D000B1D57 /* Setting */ = {
			isa = PBXGroup;
			children = (
				F2ED992D26BA7D6B00B0100A /* SettingView.swift */,
				F21A9ADE26BBB77C00177F9F /* CircleProgressView.swift */,
				F2037E4426BCCAC2000B1D57 /* ProgressSettingView.swift */,
				F2571A4626C0CD9500843C77 /* AaaaaaView.swift */,
				F2571A4826C0F59E00843C77 /* AboutView.swift */,
				F2C0B67826C1218000E5D606 /* AboutCell.swift */,
				F24ED1CA26CA30A0007F4BEC /* PagesView.swift */,
			);
			path = Setting;
			sourceTree = "<group>";
		};
		F250C44926BA4766009FF5F9 /* Model */ = {
			isa = PBXGroup;
			children = (
				F25B9B1926CA0AE500948E78 /* Ordinal.swift */,
				F28EC97C26C3C73C004FFF0F /* DTReachability.swift */,
				F28EC97B26C3C73C004FFF0F /* DTReachability+Combine.swift */,
				F2C0B67626C1163100E5D606 /* DTCarrierInfo.swift */,
				F24AB60B26B9153B0063F892 /* MenuOption.swift */,
				F2571A4C26C1048D00843C77 /* AboutDevice.swift */,
			);
			path = Model;
			sourceTree = "<group>";
		};
		F288385426B390DD001EAEE3 = {
			isa = PBXGroup;
			children = (
				F288385F26B390DD001EAEE3 /* SideMenuDemo */,
				F288385E26B390DD001EAEE3 /* Products */,
			);
			sourceTree = "<group>";
		};
		F288385E26B390DD001EAEE3 /* Products */ = {
			isa = PBXGroup;
			children = (
				F288385D26B390DD001EAEE3 /* SideMenuDemo.app */,
			);
			name = Products;
			sourceTree = "<group>";
		};
		F288385F26B390DD001EAEE3 /* SideMenuDemo */ = {
			isa = PBXGroup;
			children = (
				F2E113B626B3AE17009DAA38 /* Extensions */,
				F288387026B390FC001EAEE3 /* SideMenu */,
				F250C44926BA4766009FF5F9 /* Model */,
				F2C0B67A26C123E400E5D606 /* View */,
				F288386026B390DD001EAEE3 /* SideMenuDemoApp.swift */,
				F288386226B390DD001EAEE3 /* ContentView.swift */,
				F2FCC1D126B3CD890010E655 /* HomeView.swift */,
				F2037E4326BCCA1D000B1D57 /* Setting */,
				F288386426B390DE001EAEE3 /* Assets.xcassets */,
				F288386926B390DE001EAEE3 /* Info.plist */,
				F2C0B67226C113D800E5D606 /* DeviceName.strings */,
				F288386626B390DE001EAEE3 /* Preview Content */,
			);
			path = SideMenuDemo;
			sourceTree = "<group>";
		};
		F288386626B390DE001EAEE3 /* Preview Content */ = {
			isa = PBXGroup;
			children = (
				F288386726B390DE001EAEE3 /* Preview Assets.xcassets */,
			);
			path = "Preview Content";
			sourceTree = "<group>";
		};
		F288387026B390FC001EAEE3 /* SideMenu */ = {
			isa = PBXGroup;
			children = (
				F2ED993326BA854D00B0100A /* Modifier */,
				F2ED993126BA853200B0100A /* Protocol */,
				F2ED993226BA854000B0100A /* View */,
			);
			path = SideMenu;
			sourceTree = "<group>";
		};
		F2C0B67A26C123E400E5D606 /* View */ = {
			isa = PBXGroup;
			children = (
				F2C0B67B26C123FC00E5D606 /* Line.swift */,
				F25E97E726C4A82D006BB888 /* LazyView.swift */,
				F25B9B1526C9ECF300948E78 /* PageView.swift */,
			);
			path = View;
			sourceTree = "<group>";
		};
		F2E113B626B3AE17009DAA38 /* Extensions */ = {
			isa = PBXGroup;
			children = (
				F2E113B726B3AE2E009DAA38 /* Color.swift */,
				F2751E9126B77EB100FB5BE8 /* IntExtenion.swift */,
				F250C44A26BA6980009FF5F9 /* ViewExtension.swift */,
				F2C0B67426C113F700E5D606 /* UIDeviceExtension.swift */,
				F28EC97526C39C64004FFF0F /* IdentifiableExtension.swift */,
			);
			path = Extensions;
			sourceTree = "<group>";
		};
		F2ED993126BA853200B0100A /* Protocol */ = {
			isa = PBXGroup;
			children = (
				F24AB60926B90D0A0063F892 /* SideMenuOption.swift */,
			);
			path = Protocol;
			sourceTree = "<group>";
		};
		F2ED993226BA854000B0100A /* View */ = {
			isa = PBXGroup;
			children = (
				F288387126B3914D001EAEE3 /* SideMenuView.swift */,
				F288387426B39E55001EAEE3 /* SideMenuHeaderView.swift */,
				F2E113B326B3AB9C009DAA38 /* SideMenuOptionView.swift */,
			);
			path = View;
			sourceTree = "<group>";
		};
		F2ED993326BA854D00B0100A /* Modifier */ = {
			isa = PBXGroup;
			children = (
				F2ED993426BA85CB00B0100A /* SideMenuModifier.swift */,
			);
			path = Modifier;
			sourceTree = "<group>";
		};
/* End PBXGroup section */

/* Begin PBXNativeTarget section */
		F288385C26B390DD001EAEE3 /* SideMenuDemo */ = {
			isa = PBXNativeTarget;
			buildConfigurationList = F288386C26B390DE001EAEE3 /* Build configuration list for PBXNativeTarget "SideMenuDemo" */;
			buildPhases = (
				F288385926B390DD001EAEE3 /* Sources */,
				F288385A26B390DD001EAEE3 /* Frameworks */,
				F288385B26B390DD001EAEE3 /* Resources */,
			);
			buildRules = (
			);
			dependencies = (
			);
			name = SideMenuDemo;
			productName = SideMenuDemo;
			productReference = F288385D26B390DD001EAEE3 /* SideMenuDemo.app */;
			productType = "com.apple.product-type.application";
		};
/* End PBXNativeTarget section */

/* Begin PBXProject section */
		F288385526B390DD001EAEE3 /* Project object */ = {
			isa = PBXProject;
			attributes = {
				LastSwiftUpdateCheck = 1240;
				LastUpgradeCheck = 1240;
				TargetAttributes = {
					F288385C26B390DD001EAEE3 = {
						CreatedOnToolsVersion = 12.4;
					};
				};
			};
			buildConfigurationList = F288385826B390DD001EAEE3 /* Build configuration list for PBXProject "SideMenuDemo" */;
			compatibilityVersion = "Xcode 9.3";
			developmentRegion = en;
			hasScannedForEncodings = 0;
			knownRegions = (
				en,
				Base,
			);
			mainGroup = F288385426B390DD001EAEE3;
			productRefGroup = F288385E26B390DD001EAEE3 /* Products */;
			projectDirPath = "";
			projectRoot = "";
			targets = (
				F288385C26B390DD001EAEE3 /* SideMenuDemo */,
			);
		};
/* End PBXProject section */

/* Begin PBXResourcesBuildPhase section */
		F288385B26B390DD001EAEE3 /* Resources */ = {
			isa = PBXResourcesBuildPhase;
			buildActionMask = 2147483647;
			files = (
				F2C0B67326C113D800E5D606 /* DeviceName.strings in Resources */,
				F288386826B390DE001EAEE3 /* Preview Assets.xcassets in Resources */,
				F288386526B390DE001EAEE3 /* Assets.xcassets in Resources */,
			);
			runOnlyForDeploymentPostprocessing = 0;
		};
/* End PBXResourcesBuildPhase section */

/* Begin PBXSourcesBuildPhase section */
		F288385926B390DD001EAEE3 /* Sources */ = {
			isa = PBXSourcesBuildPhase;
			buildActionMask = 2147483647;
			files = (
				F288387226B3914D001EAEE3 /* SideMenuView.swift in Sources */,
				F28EC97626C39C64004FFF0F /* IdentifiableExtension.swift in Sources */,
				F2ED993526BA85CB00B0100A /* SideMenuModifier.swift in Sources */,
				F2571A4926C0F59E00843C77 /* AboutView.swift in Sources */,
				F2751E9226B77EB100FB5BE8 /* IntExtenion.swift in Sources */,
				F21A9ADF26BBB77C00177F9F /* CircleProgressView.swift in Sources */,
				F25E97E826C4A82D006BB888 /* LazyView.swift in Sources */,
				F25B9B1626C9ECF300948E78 /* PageView.swift in Sources */,
				F2FCC1D226B3CD890010E655 /* HomeView.swift in Sources */,
				F24AB60C26B9153B0063F892 /* MenuOption.swift in Sources */,
				F28EC97D26C3C73C004FFF0F /* DTReachability+Combine.swift in Sources */,
				F2037E4526BCCAC2000B1D57 /* ProgressSettingView.swift in Sources */,
				F288387526B39E55001EAEE3 /* SideMenuHeaderView.swift in Sources */,
				F28EC97E26C3C73C004FFF0F /* DTReachability.swift in Sources */,
				F2C0B67C26C123FC00E5D606 /* Line.swift in Sources */,
				F288386326B390DD001EAEE3 /* ContentView.swift in Sources */,
				F250C44B26BA6980009FF5F9 /* ViewExtension.swift in Sources */,
				F25B9B1A26CA0AE500948E78 /* Ordinal.swift in Sources */,
				F2C0B67526C113F700E5D606 /* UIDeviceExtension.swift in Sources */,
				F24AB60A26B90D0A0063F892 /* SideMenuOption.swift in Sources */,
				F2E113B426B3AB9C009DAA38 /* SideMenuOptionView.swift in Sources */,
				F2C0B67726C1163100E5D606 /* DTCarrierInfo.swift in Sources */,
				F2571A4726C0CD9500843C77 /* AaaaaaView.swift in Sources */,
				F24ED1CB26CA30A0007F4BEC /* PagesView.swift in Sources */,
				F2571A4D26C1048D00843C77 /* AboutDevice.swift in Sources */,
				F2ED992E26BA7D6B00B0100A /* SettingView.swift in Sources */,
				F288386126B390DD001EAEE3 /* SideMenuDemoApp.swift in Sources */,
				F2E113B826B3AE2E009DAA38 /* Color.swift in Sources */,
				F2C0B67926C1218000E5D606 /* AboutCell.swift in Sources */,
			);
			runOnlyForDeploymentPostprocessing = 0;
		};
/* End PBXSourcesBuildPhase section */

/* Begin XCBuildConfiguration section */
		F288386A26B390DE001EAEE3 /* Debug */ = {
			isa = XCBuildConfiguration;
			buildSettings = {
				ALWAYS_SEARCH_USER_PATHS = NO;
				CLANG_ANALYZER_NONNULL = YES;
				CLANG_ANALYZER_NUMBER_OBJECT_CONVERSION = YES_AGGRESSIVE;
				CLANG_CXX_LANGUAGE_STANDARD = "gnu++14";
				CLANG_CXX_LIBRARY = "libc++";
				CLANG_ENABLE_MODULES = YES;
				CLANG_ENABLE_OBJC_ARC = YES;
				CLANG_ENABLE_OBJC_WEAK = YES;
				CLANG_WARN_BLOCK_CAPTURE_AUTORELEASING = YES;
				CLANG_WARN_BOOL_CONVERSION = YES;
				CLANG_WARN_COMMA = YES;
				CLANG_WARN_CONSTANT_CONVERSION = YES;
				CLANG_WARN_DEPRECATED_OBJC_IMPLEMENTATIONS = YES;
				CLANG_WARN_DIRECT_OBJC_ISA_USAGE = YES_ERROR;
				CLANG_WARN_DOCUMENTATION_COMMENTS = YES;
				CLANG_WARN_EMPTY_BODY = YES;
				CLANG_WARN_ENUM_CONVERSION = YES;
				CLANG_WARN_INFINITE_RECURSION = YES;
				CLANG_WARN_INT_CONVERSION = YES;
				CLANG_WARN_NON_LITERAL_NULL_CONVERSION = YES;
				CLANG_WARN_OBJC_IMPLICIT_RETAIN_SELF = YES;
				CLANG_WARN_OBJC_LITERAL_CONVERSION = YES;
				CLANG_WARN_OBJC_ROOT_CLASS = YES_ERROR;
				CLANG_WARN_QUOTED_INCLUDE_IN_FRAMEWORK_HEADER = YES;
				CLANG_WARN_RANGE_LOOP_ANALYSIS = YES;
				CLANG_WARN_STRICT_PROTOTYPES = YES;
				CLANG_WARN_SUSPICIOUS_MOVE = YES;
				CLANG_WARN_UNGUARDED_AVAILABILITY = YES_AGGRESSIVE;
				CLANG_WARN_UNREACHABLE_CODE = YES;
				CLANG_WARN__DUPLICATE_METHOD_MATCH = YES;
				COPY_PHASE_STRIP = NO;
				DEBUG_INFORMATION_FORMAT = dwarf;
				ENABLE_STRICT_OBJC_MSGSEND = YES;
				ENABLE_TESTABILITY = YES;
				GCC_C_LANGUAGE_STANDARD = gnu11;
				GCC_DYNAMIC_NO_PIC = NO;
				GCC_NO_COMMON_BLOCKS = YES;
				GCC_OPTIMIZATION_LEVEL = 0;
				GCC_PREPROCESSOR_DEFINITIONS = (
					"DEBUG=1",
					"$(inherited)",
				);
				GCC_WARN_64_TO_32_BIT_CONVERSION = YES;
				GCC_WARN_ABOUT_RETURN_TYPE = YES_ERROR;
				GCC_WARN_UNDECLARED_SELECTOR = YES;
				GCC_WARN_UNINITIALIZED_AUTOS = YES_AGGRESSIVE;
				GCC_WARN_UNUSED_FUNCTION = YES;
				GCC_WARN_UNUSED_VARIABLE = YES;
				IPHONEOS_DEPLOYMENT_TARGET = 14.4;
				MTL_ENABLE_DEBUG_INFO = INCLUDE_SOURCE;
				MTL_FAST_MATH = YES;
				ONLY_ACTIVE_ARCH = YES;
				SDKROOT = iphoneos;
				SWIFT_ACTIVE_COMPILATION_CONDITIONS = DEBUG;
				SWIFT_OPTIMIZATION_LEVEL = "-Onone";
			};
			name = Debug;
		};
		F288386B26B390DE001EAEE3 /* Release */ = {
			isa = XCBuildConfiguration;
			buildSettings = {
				ALWAYS_SEARCH_USER_PATHS = NO;
				CLANG_ANALYZER_NONNULL = YES;
				CLANG_ANALYZER_NUMBER_OBJECT_CONVERSION = YES_AGGRESSIVE;
				CLANG_CXX_LANGUAGE_STANDARD = "gnu++14";
				CLANG_CXX_LIBRARY = "libc++";
				CLANG_ENABLE_MODULES = YES;
				CLANG_ENABLE_OBJC_ARC = YES;
				CLANG_ENABLE_OBJC_WEAK = YES;
				CLANG_WARN_BLOCK_CAPTURE_AUTORELEASING = YES;
				CLANG_WARN_BOOL_CONVERSION = YES;
				CLANG_WARN_COMMA = YES;
				CLANG_WARN_CONSTANT_CONVERSION = YES;
				CLANG_WARN_DEPRECATED_OBJC_IMPLEMENTATIONS = YES;
				CLANG_WARN_DIRECT_OBJC_ISA_USAGE = YES_ERROR;
				CLANG_WARN_DOCUMENTATION_COMMENTS = YES;
				CLANG_WARN_EMPTY_BODY = YES;
				CLANG_WARN_ENUM_CONVERSION = YES;
				CLANG_WARN_INFINITE_RECURSION = YES;
				CLANG_WARN_INT_CONVERSION = YES;
				CLANG_WARN_NON_LITERAL_NULL_CONVERSION = YES;
				CLANG_WARN_OBJC_IMPLICIT_RETAIN_SELF = YES;
				CLANG_WARN_OBJC_LITERAL_CONVERSION = YES;
				CLANG_WARN_OBJC_ROOT_CLASS = YES_ERROR;
				CLANG_WARN_QUOTED_INCLUDE_IN_FRAMEWORK_HEADER = YES;
				CLANG_WARN_RANGE_LOOP_ANALYSIS = YES;
				CLANG_WARN_STRICT_PROTOTYPES = YES;
				CLANG_WARN_SUSPICIOUS_MOVE = YES;
				CLANG_WARN_UNGUARDED_AVAILABILITY = YES_AGGRESSIVE;
				CLANG_WARN_UNREACHABLE_CODE = YES;
				CLANG_WARN__DUPLICATE_METHOD_MATCH = YES;
				COPY_PHASE_STRIP = NO;
				DEBUG_INFORMATION_FORMAT = "dwarf-with-dsym";
				ENABLE_NS_ASSERTIONS = NO;
				ENABLE_STRICT_OBJC_MSGSEND = YES;
				GCC_C_LANGUAGE_STANDARD = gnu11;
				GCC_NO_COMMON_BLOCKS = YES;
				GCC_WARN_64_TO_32_BIT_CONVERSION = YES;
				GCC_WARN_ABOUT_RETURN_TYPE = YES_ERROR;
				GCC_WARN_UNDECLARED_SELECTOR = YES;
				GCC_WARN_UNINITIALIZED_AUTOS = YES_AGGRESSIVE;
				GCC_WARN_UNUSED_FUNCTION = YES;
				GCC_WARN_UNUSED_VARIABLE = YES;
				IPHONEOS_DEPLOYMENT_TARGET = 14.4;
				MTL_ENABLE_DEBUG_INFO = NO;
				MTL_FAST_MATH = YES;
				SDKROOT = iphoneos;
				SWIFT_COMPILATION_MODE = wholemodule;
				SWIFT_OPTIMIZATION_LEVEL = "-O";
				VALIDATE_PRODUCT = YES;
			};
			name = Release;
		};
		F288386D26B390DE001EAEE3 /* Debug */ = {
			isa = XCBuildConfiguration;
			buildSettings = {
				ASSETCATALOG_COMPILER_APPICON_NAME = AppIcon;
				ASSETCATALOG_COMPILER_GLOBAL_ACCENT_COLOR_NAME = AccentColor;
				CODE_SIGN_STYLE = Automatic;
				DEVELOPMENT_ASSET_PATHS = "\"SideMenuDemo/Preview Content\"";
				DEVELOPMENT_TEAM = Y5PE34DHT4;
				ENABLE_PREVIEWS = YES;
				INFOPLIST_FILE = SideMenuDemo/Info.plist;
				IPHONEOS_DEPLOYMENT_TARGET = 14.0;
				LD_RUNPATH_SEARCH_PATHS = (
					"$(inherited)",
					"@executable_path/Frameworks",
				);
				PRODUCT_BUNDLE_IDENTIFIER = tw.personal.company.SideMenuDemo;
				PRODUCT_NAME = "$(TARGET_NAME)";
				SWIFT_VERSION = 5.0;
				TARGETED_DEVICE_FAMILY = "1,2";
			};
			name = Debug;
		};
		F288386E26B390DE001EAEE3 /* Release */ = {
			isa = XCBuildConfiguration;
			buildSettings = {
				ASSETCATALOG_COMPILER_APPICON_NAME = AppIcon;
				ASSETCATALOG_COMPILER_GLOBAL_ACCENT_COLOR_NAME = AccentColor;
				CODE_SIGN_STYLE = Automatic;
				DEVELOPMENT_ASSET_PATHS = "\"SideMenuDemo/Preview Content\"";
				DEVELOPMENT_TEAM = Y5PE34DHT4;
				ENABLE_PREVIEWS = YES;
				INFOPLIST_FILE = SideMenuDemo/Info.plist;
				IPHONEOS_DEPLOYMENT_TARGET = 14.0;
				LD_RUNPATH_SEARCH_PATHS = (
					"$(inherited)",
					"@executable_path/Frameworks",
				);
				PRODUCT_BUNDLE_IDENTIFIER = tw.personal.company.SideMenuDemo;
				PRODUCT_NAME = "$(TARGET_NAME)";
				SWIFT_VERSION = 5.0;
				TARGETED_DEVICE_FAMILY = "1,2";
			};
			name = Release;
		};
/* End XCBuildConfiguration section */

/* Begin XCConfigurationList section */
		F288385826B390DD001EAEE3 /* Build configuration list for PBXProject "SideMenuDemo" */ = {
			isa = XCConfigurationList;
			buildConfigurations = (
				F288386A26B390DE001EAEE3 /* Debug */,
				F288386B26B390DE001EAEE3 /* Release */,
			);
			defaultConfigurationIsVisible = 0;
			defaultConfigurationName = Release;
		};
		F288386C26B390DE001EAEE3 /* Build configuration list for PBXNativeTarget "SideMenuDemo" */ = {
			isa = XCConfigurationList;
			buildConfigurations = (
				F288386D26B390DE001EAEE3 /* Debug */,
				F288386E26B390DE001EAEE3 /* Release */,
			);
			defaultConfigurationIsVisible = 0;
			defaultConfigurationName = Release;
		};
/* End XCConfigurationList section */
	};
	rootObject = F288385526B390DD001EAEE3 /* Project object */;
}
