{
  "pins" : [
    {
      "identity" : "dtpermissionkit",
      "kind" : "remoteSourceControl",
      "location" : "https://github.com/Darktt/DTPermissionKit",
      "state" : {
        "branch" : "main",
        "revision" : "6f886e22fb2d4492bb749a2db4456ae2ef5a3b53"
      }
    }
  ],
  "version" : 2
}
